
Microsoft Visual Studio Solution File, Format Version 12.00
# Visual Studio Version 16
VisualStudioVersion = 16.0.31129.286
MinimumVisualStudioVersion = 10.0.40219.1
Project("{9A19103F-16F7-4668-BE54-9A1E7A4F7556}") = "Assignment.UnitTests", "Assignment.Tests\Assignment.UnitTests.csproj", "{138CC6AB-1D6F-481D-AB2E-75C832471105}"
EndProject
Project("{9A19103F-16F7-4668-BE54-9A1E7A4F7556}") = "Assignment.ServiceLayer", "Assignment.ServiceLayer\Assignment.ServiceLayer.csproj", "{83E94E1B-140B-42B3-9593-1FB9C528DD53}"
EndProject
Project("{FAE04EC0-301F-11D3-BF4B-00C04F79EFBC}") = "Assignment.Api", "Assignment.Api\Assignment.Api.csproj", "{5DF7953C-E311-49EF-A051-BD01590B8074}"
EndProject
Global
	GlobalSection(SolutionConfigurationPlatforms) = preSolution
		Debug|Any CPU = Debug|Any CPU
		Release|Any CPU = Release|Any CPU
	EndGlobalSection
	GlobalSection(ProjectConfigurationPlatforms) = postSolution
		{138CC6AB-1D6F-481D-AB2E-75C832471105}.Debug|Any CPU.ActiveCfg = Debug|Any CPU
		{138CC6AB-1D6F-481D-AB2E-75C832471105}.Debug|Any CPU.Build.0 = Debug|Any CPU
		{138CC6AB-1D6F-481D-AB2E-75C832471105}.Release|Any CPU.ActiveCfg = Release|Any CPU
		{138CC6AB-1D6F-481D-AB2E-75C832471105}.Release|Any CPU.Build.0 = Release|Any CPU
		{83E94E1B-140B-42B3-9593-1FB9C528DD53}.Debug|Any CPU.ActiveCfg = Debug|Any CPU
		{83E94E1B-140B-42B3-9593-1FB9C528DD53}.Debug|Any CPU.Build.0 = Debug|Any CPU
		{83E94E1B-140B-42B3-9593-1FB9C528DD53}.Release|Any CPU.ActiveCfg = Release|Any CPU
		{83E94E1B-140B-42B3-9593-1FB9C528DD53}.Release|Any CPU.Build.0 = Release|Any CPU
		{5DF7953C-E311-49EF-A051-BD01590B8074}.Debug|Any CPU.ActiveCfg = Debug|Any CPU
		{5DF7953C-E311-49EF-A051-BD01590B8074}.Debug|Any CPU.Build.0 = Debug|Any CPU
		{5DF7953C-E311-49EF-A051-BD01590B8074}.Release|Any CPU.ActiveCfg = Release|Any CPU
		{5DF7953C-E311-49EF-A051-BD01590B8074}.Release|Any CPU.Build.0 = Release|Any CPU
	EndGlobalSection
	GlobalSection(SolutionProperties) = preSolution
		HideSolutionNode = FALSE
	EndGlobalSection
	GlobalSection(ExtensibilityGlobals) = postSolution
		SolutionGuid = {59CA7F5A-182C-4358-8678-CB9758F94933}
	EndGlobalSection
EndGlobal
